{
  "name": "hardhat-project",
  "version": "1.0.0",
  "lockfileVersion": 1,
  "requires": true,
  "dependencies": {
    "@openzeppelin/contracts": {
      "version": "3.4.2",
      "resolved": "https://registry.npmjs.org/@openzeppelin/contracts/-/contracts-3.4.2.tgz",
      "integrity": "sha512-z0zMCjyhhp4y7XKAcDAi3Vgms4T2PstwBdahiO0+9NaGICQKjynK3wduSRplTgk4LXmoO1yfDGO5RbjKYxtuxA=="
    },
    "openzeppelin-solidity": {
      "version": "4.4.1",
      "resolved": "https://registry.npmjs.org/openzeppelin-solidity/-/openzeppelin-solidity-4.4.1.tgz",
      "integrity": "sha512-wM5xXSHl8uSdEd+Oq8y92goqCk4uYXIATNY0MYL+ZtviW7xcSmTtWTeV+dM6ZxkseKJMXE5iEksuR20NzMNSpg=="
    }
  }
}
